
Microsoft Visual Studio Solution File, Format Version 12.00
# Visual Studio Express 2012 for Windows Desktop
Project("{FAE04EC0-301F-11D3-BF4B-00C04F79EFBC}") = "02-Defining-classes-II", "02-Defining-classes-II\02-Defining-classes-II.csproj", "{AA5CAA8D-7EE0-46DD-A02E-B23294FC7615}"
EndProject
Project("{FAE04EC0-301F-11D3-BF4B-00C04F79EFBC}") = "05. GenericClass", "05. GenericClass\05. GenericClass.csproj", "{82C3C752-D080-411B-88A3-ACF47CC66313}"
EndProject
Project("{FAE04EC0-301F-11D3-BF4B-00C04F79EFBC}") = "08. Matrix", "08. Matrix\08. Matrix.csproj", "{081EE7DF-1BB7-4479-AC9A-502B166E3DF5}"
EndProject
Global
	GlobalSection(SolutionConfigurationPlatforms) = preSolution
		Debug|Any CPU = Debug|Any CPU
		Release|Any CPU = Release|Any CPU
	EndGlobalSection
	GlobalSection(ProjectConfigurationPlatforms) = postSolution
		{AA5CAA8D-7EE0-46DD-A02E-B23294FC7615}.Debug|Any CPU.ActiveCfg = Debug|Any CPU
		{AA5CAA8D-7EE0-46DD-A02E-B23294FC7615}.Debug|Any CPU.Build.0 = Debug|Any CPU
		{AA5CAA8D-7EE0-46DD-A02E-B23294FC7615}.Release|Any CPU.ActiveCfg = Release|Any CPU
		{AA5CAA8D-7EE0-46DD-A02E-B23294FC7615}.Release|Any CPU.Build.0 = Release|Any CPU
		{82C3C752-D080-411B-88A3-ACF47CC66313}.Debug|Any CPU.ActiveCfg = Debug|Any CPU
		{82C3C752-D080-411B-88A3-ACF47CC66313}.Debug|Any CPU.Build.0 = Debug|Any CPU
		{82C3C752-D080-411B-88A3-ACF47CC66313}.Release|Any CPU.ActiveCfg = Release|Any CPU
		{82C3C752-D080-411B-88A3-ACF47CC66313}.Release|Any CPU.Build.0 = Release|Any CPU
		{081EE7DF-1BB7-4479-AC9A-502B166E3DF5}.Debug|Any CPU.ActiveCfg = Debug|Any CPU
		{081EE7DF-1BB7-4479-AC9A-502B166E3DF5}.Debug|Any CPU.Build.0 = Debug|Any CPU
		{081EE7DF-1BB7-4479-AC9A-502B166E3DF5}.Release|Any CPU.ActiveCfg = Release|Any CPU
		{081EE7DF-1BB7-4479-AC9A-502B166E3DF5}.Release|Any CPU.Build.0 = Release|Any CPU
	EndGlobalSection
	GlobalSection(SolutionProperties) = preSolution
		HideSolutionNode = FALSE
	EndGlobalSection
EndGlobal
